
Microsoft Visual Studio Solution File, Format Version 12.00
Project("{2150E333-8FDC-42A3-9474-1A3956D46DE8}") = "src", "src", "{827E0CD3-B72D-47B6-A68D-7590B98EB39B}"
EndProject
Project("{FAE04EC0-301F-11D3-BF4B-00C04F79EFBC}") = "WearablePayments.Core", "src\WearablePayments.Core\WearablePayments.Core.csproj", "{FDB35331-CC19-443F-818B-C1960485926B}"
EndProject
Project("{FAE04EC0-301F-11D3-BF4B-00C04F79EFBC}") = "WearablePayments.Infrastructure", "src\WearablePayments.Infrastructure\WearablePayments.Infrastructure.csproj", "{07703A75-42B0-4248-9154-AB4DB4011D4D}"
EndProject
Project("{FAE04EC0-301F-11D3-BF4B-00C04F79EFBC}") = "WearablePayments.API", "src\WearablePayments.API\WearablePayments.API.csproj", "{BF73E6EF-56FF-4129-B8B6-EF8CFF5044B3}"
EndProject
Project("{FAE04EC0-301F-11D3-BF4B-00C04F79EFBC}") = "WearablePayments.App", "src\WearablePayments.App\WearablePayments.App.csproj", "{399D3F4D-BC72-4F3E-BE2C-CE761B60F1C7}"
EndProject
Project("{2150E333-8FDC-42A3-9474-1A3956D46DE8}") = "tests", "tests", "{0AB3BF05-4346-4AA6-1389-037BE0695223}"
EndProject
Project("{FAE04EC0-301F-11D3-BF4B-00C04F79EFBC}") = "WearablePayments.Core.Tests", "tests\WearablePayments.Core.Tests\WearablePayments.Core.Tests.csproj", "{61A04B53-4FF8-4D0F-9552-705F7AB2DD69}"
EndProject
Project("{FAE04EC0-301F-11D3-BF4B-00C04F79EFBC}") = "WearablePayments.API.Tests", "tests\WearablePayments.API.Tests\WearablePayments.API.Tests.csproj", "{543D4158-4853-42C9-A3EF-86472FBD8AFB}"
EndProject
Global
	GlobalSection(SolutionConfigurationPlatforms) = preSolution
		Debug|Any CPU = Debug|Any CPU
		Debug|x64 = Debug|x64
		Debug|x86 = Debug|x86
		Release|Any CPU = Release|Any CPU
		Release|x64 = Release|x64
		Release|x86 = Release|x86
	EndGlobalSection
	GlobalSection(ProjectConfigurationPlatforms) = postSolution
		{FDB35331-CC19-443F-818B-C1960485926B}.Debug|Any CPU.ActiveCfg = Debug|Any CPU
		{FDB35331-CC19-443F-818B-C1960485926B}.Debug|Any CPU.Build.0 = Debug|Any CPU
		{FDB35331-CC19-443F-818B-C1960485926B}.Debug|x64.ActiveCfg = Debug|Any CPU
		{FDB35331-CC19-443F-818B-C1960485926B}.Debug|x64.Build.0 = Debug|Any CPU
		{FDB35331-CC19-443F-818B-C1960485926B}.Debug|x86.ActiveCfg = Debug|Any CPU
		{FDB35331-CC19-443F-818B-C1960485926B}.Debug|x86.Build.0 = Debug|Any CPU
		{FDB35331-CC19-443F-818B-C1960485926B}.Release|Any CPU.ActiveCfg = Release|Any CPU
		{FDB35331-CC19-443F-818B-C1960485926B}.Release|Any CPU.Build.0 = Release|Any CPU
		{FDB35331-CC19-443F-818B-C1960485926B}.Release|x64.ActiveCfg = Release|Any CPU
		{FDB35331-CC19-443F-818B-C1960485926B}.Release|x64.Build.0 = Release|Any CPU
		{FDB35331-CC19-443F-818B-C1960485926B}.Release|x86.ActiveCfg = Release|Any CPU
		{FDB35331-CC19-443F-818B-C1960485926B}.Release|x86.Build.0 = Release|Any CPU
		{07703A75-42B0-4248-9154-AB4DB4011D4D}.Debug|Any CPU.ActiveCfg = Debug|Any CPU
		{07703A75-42B0-4248-9154-AB4DB4011D4D}.Debug|Any CPU.Build.0 = Debug|Any CPU
		{07703A75-42B0-4248-9154-AB4DB4011D4D}.Debug|x64.ActiveCfg = Debug|Any CPU
		{07703A75-42B0-4248-9154-AB4DB4011D4D}.Debug|x64.Build.0 = Debug|Any CPU
		{07703A75-42B0-4248-9154-AB4DB4011D4D}.Debug|x86.ActiveCfg = Debug|Any CPU
		{07703A75-42B0-4248-9154-AB4DB4011D4D}.Debug|x86.Build.0 = Debug|Any CPU
		{07703A75-42B0-4248-9154-AB4DB4011D4D}.Release|Any CPU.ActiveCfg = Release|Any CPU
		{07703A75-42B0-4248-9154-AB4DB4011D4D}.Release|Any CPU.Build.0 = Release|Any CPU
		{07703A75-42B0-4248-9154-AB4DB4011D4D}.Release|x64.ActiveCfg = Release|Any CPU
		{07703A75-42B0-4248-9154-AB4DB4011D4D}.Release|x64.Build.0 = Release|Any CPU
		{07703A75-42B0-4248-9154-AB4DB4011D4D}.Release|x86.ActiveCfg = Release|Any CPU
		{07703A75-42B0-4248-9154-AB4DB4011D4D}.Release|x86.Build.0 = Release|Any CPU
		{BF73E6EF-56FF-4129-B8B6-EF8CFF5044B3}.Debug|Any CPU.ActiveCfg = Debug|Any CPU
		{BF73E6EF-56FF-4129-B8B6-EF8CFF5044B3}.Debug|Any CPU.Build.0 = Debug|Any CPU
		{BF73E6EF-56FF-4129-B8B6-EF8CFF5044B3}.Debug|x64.ActiveCfg = Debug|Any CPU
		{BF73E6EF-56FF-4129-B8B6-EF8CFF5044B3}.Debug|x64.Build.0 = Debug|Any CPU
		{BF73E6EF-56FF-4129-B8B6-EF8CFF5044B3}.Debug|x86.ActiveCfg = Debug|Any CPU
		{BF73E6EF-56FF-4129-B8B6-EF8CFF5044B3}.Debug|x86.Build.0 = Debug|Any CPU
		{BF73E6EF-56FF-4129-B8B6-EF8CFF5044B3}.Release|Any CPU.ActiveCfg = Release|Any CPU
		{BF73E6EF-56FF-4129-B8B6-EF8CFF5044B3}.Release|Any CPU.Build.0 = Release|Any CPU
		{BF73E6EF-56FF-4129-B8B6-EF8CFF5044B3}.Release|x64.ActiveCfg = Release|Any CPU
		{BF73E6EF-56FF-4129-B8B6-EF8CFF5044B3}.Release|x64.Build.0 = Release|Any CPU
		{BF73E6EF-56FF-4129-B8B6-EF8CFF5044B3}.Release|x86.ActiveCfg = Release|Any CPU
		{BF73E6EF-56FF-4129-B8B6-EF8CFF5044B3}.Release|x86.Build.0 = Release|Any CPU
		{399D3F4D-BC72-4F3E-BE2C-CE761B60F1C7}.Debug|Any CPU.ActiveCfg = Debug|Any CPU
		{399D3F4D-BC72-4F3E-BE2C-CE761B60F1C7}.Debug|Any CPU.Build.0 = Debug|Any CPU
		{399D3F4D-BC72-4F3E-BE2C-CE761B60F1C7}.Debug|x64.ActiveCfg = Debug|Any CPU
		{399D3F4D-BC72-4F3E-BE2C-CE761B60F1C7}.Debug|x64.Build.0 = Debug|Any CPU
		{399D3F4D-BC72-4F3E-BE2C-CE761B60F1C7}.Debug|x86.ActiveCfg = Debug|Any CPU
		{399D3F4D-BC72-4F3E-BE2C-CE761B60F1C7}.Debug|x86.Build.0 = Debug|Any CPU
		{399D3F4D-BC72-4F3E-BE2C-CE761B60F1C7}.Release|Any CPU.ActiveCfg = Release|Any CPU
		{399D3F4D-BC72-4F3E-BE2C-CE761B60F1C7}.Release|Any CPU.Build.0 = Release|Any CPU
		{399D3F4D-BC72-4F3E-BE2C-CE761B60F1C7}.Release|x64.ActiveCfg = Release|Any CPU
		{399D3F4D-BC72-4F3E-BE2C-CE761B60F1C7}.Release|x64.Build.0 = Release|Any CPU
		{399D3F4D-BC72-4F3E-BE2C-CE761B60F1C7}.Release|x86.ActiveCfg = Release|Any CPU
		{399D3F4D-BC72-4F3E-BE2C-CE761B60F1C7}.Release|x86.Build.0 = Release|Any CPU
		{61A04B53-4FF8-4D0F-9552-705F7AB2DD69}.Debug|Any CPU.ActiveCfg = Debug|Any CPU
		{61A04B53-4FF8-4D0F-9552-705F7AB2DD69}.Debug|Any CPU.Build.0 = Debug|Any CPU
		{61A04B53-4FF8-4D0F-9552-705F7AB2DD69}.Debug|x64.ActiveCfg = Debug|Any CPU
		{61A04B53-4FF8-4D0F-9552-705F7AB2DD69}.Debug|x64.Build.0 = Debug|Any CPU
		{61A04B53-4FF8-4D0F-9552-705F7AB2DD69}.Debug|x86.ActiveCfg = Debug|Any CPU
		{61A04B53-4FF8-4D0F-9552-705F7AB2DD69}.Debug|x86.Build.0 = Debug|Any CPU
		{61A04B53-4FF8-4D0F-9552-705F7AB2DD69}.Release|Any CPU.ActiveCfg = Release|Any CPU
		{61A04B53-4FF8-4D0F-9552-705F7AB2DD69}.Release|Any CPU.Build.0 = Release|Any CPU
		{61A04B53-4FF8-4D0F-9552-705F7AB2DD69}.Release|x64.ActiveCfg = Release|Any CPU
		{61A04B53-4FF8-4D0F-9552-705F7AB2DD69}.Release|x64.Build.0 = Release|Any CPU
		{61A04B53-4FF8-4D0F-9552-705F7AB2DD69}.Release|x86.ActiveCfg = Release|Any CPU
		{61A04B53-4FF8-4D0F-9552-705F7AB2DD69}.Release|x86.Build.0 = Release|Any CPU
		{543D4158-4853-42C9-A3EF-86472FBD8AFB}.Debug|Any CPU.ActiveCfg = Debug|Any CPU
		{543D4158-4853-42C9-A3EF-86472FBD8AFB}.Debug|Any CPU.Build.0 = Debug|Any CPU
		{543D4158-4853-42C9-A3EF-86472FBD8AFB}.Debug|x64.ActiveCfg = Debug|Any CPU
		{543D4158-4853-42C9-A3EF-86472FBD8AFB}.Debug|x64.Build.0 = Debug|Any CPU
		{543D4158-4853-42C9-A3EF-86472FBD8AFB}.Debug|x86.ActiveCfg = Debug|Any CPU
		{543D4158-4853-42C9-A3EF-86472FBD8AFB}.Debug|x86.Build.0 = Debug|Any CPU
		{543D4158-4853-42C9-A3EF-86472FBD8AFB}.Release|Any CPU.ActiveCfg = Release|Any CPU
		{543D4158-4853-42C9-A3EF-86472FBD8AFB}.Release|Any CPU.Build.0 = Release|Any CPU
		{543D4158-4853-42C9-A3EF-86472FBD8AFB}.Release|x64.ActiveCfg = Release|Any CPU
		{543D4158-4853-42C9-A3EF-86472FBD8AFB}.Release|x64.Build.0 = Release|Any CPU
		{543D4158-4853-42C9-A3EF-86472FBD8AFB}.Release|x86.ActiveCfg = Release|Any CPU
		{543D4158-4853-42C9-A3EF-86472FBD8AFB}.Release|x86.Build.0 = Release|Any CPU
	EndGlobalSection
	GlobalSection(SolutionProperties) = preSolution
		HideSolutionNode = FALSE
	EndGlobalSection
	GlobalSection(NestedProjects) = preSolution
		{FDB35331-CC19-443F-818B-C1960485926B} = {827E0CD3-B72D-47B6-A68D-7590B98EB39B}
		{07703A75-42B0-4248-9154-AB4DB4011D4D} = {827E0CD3-B72D-47B6-A68D-7590B98EB39B}
		{BF73E6EF-56FF-4129-B8B6-EF8CFF5044B3} = {827E0CD3-B72D-47B6-A68D-7590B98EB39B}
		{399D3F4D-BC72-4F3E-BE2C-CE761B60F1C7} = {827E0CD3-B72D-47B6-A68D-7590B98EB39B}
		{61A04B53-4FF8-4D0F-9552-705F7AB2DD69} = {0AB3BF05-4346-4AA6-1389-037BE0695223}
		{543D4158-4853-42C9-A3EF-86472FBD8AFB} = {0AB3BF05-4346-4AA6-1389-037BE0695223}
	EndGlobalSection
EndGlobal
